
Microsoft Visual Studio Solution File, Format Version 12.00
Project("{FAE04EC0-301F-11D3-BF4B-00C04F79EFBC}") = "WPFDataGridScrollPerf", "WPFDataGridScrollPerf\WPFDataGridScrollPerf.csproj", "{5EEEFBAF-B4FC-4435-96ED-B8FC913A977F}"
EndProject
Global
	GlobalSection(SolutionConfigurationPlatforms) = preSolution
		Debug|Any CPU = Debug|Any CPU
		Release|Any CPU = Release|Any CPU
	EndGlobalSection
	GlobalSection(ProjectConfigurationPlatforms) = postSolution
		{5EEEFBAF-B4FC-4435-96ED-B8FC913A977F}.Debug|Any CPU.ActiveCfg = Debug|Any CPU
		{5EEEFBAF-B4FC-4435-96ED-B8FC913A977F}.Debug|Any CPU.Build.0 = Debug|Any CPU
		{5EEEFBAF-B4FC-4435-96ED-B8FC913A977F}.Release|Any CPU.ActiveCfg = Release|Any CPU
		{5EEEFBAF-B4FC-4435-96ED-B8FC913A977F}.Release|Any CPU.Build.0 = Release|Any CPU
	EndGlobalSection
EndGlobal
